// !$*UTF8*$!
{
	archiveVersion = 1;
	classes = {
	};
	objectVersion = 50;
	objects = {

/* Begin PBXBuildFile section */
		F467039C212FEEA1009B6FC7 /* AppDelegate.m in Sources */ = {isa = PBXBuildFile; fileRef = F467039B212FEEA1009B6FC7 /* AppDelegate.m */; };
		F467039F212FEEA1009B6FC7 /* ViewController.m in Sources */ = {isa = PBXBuildFile; fileRef = F467039E212FEEA1009B6FC7 /* ViewController.m */; };
		F46703A2212FEEA1009B6FC7 /* Main.storyboard in Resources */ = {isa = PBXBuildFile; fileRef = F46703A0212FEEA1009B6FC7 /* Main.storyboard */; };
		F46703A4212FEEA4009B6FC7 /* Assets.xcassets in Resources */ = {isa = PBXBuildFile; fileRef = F46703A3212FEEA4009B6FC7 /* Assets.xcassets */; };
		F46703A7212FEEA4009B6FC7 /* LaunchScreen.storyboard in Resources */ = {isa = PBXBuildFile; fileRef = F46703A5212FEEA4009B6FC7 /* LaunchScreen.storyboard */; };
		F46703AA212FEEA4009B6FC7 /* main.m in Sources */ = {isa = PBXBuildFile; fileRef = F46703A9212FEEA4009B6FC7 /* main.m */; };
		F46703B4212FEED0009B6FC7 /* NumberCollectionViewCell.xib in Resources */ = {isa = PBXBuildFile; fileRef = F46703B1212FEED0009B6FC7 /* NumberCollectionViewCell.xib */; };
		F46703B5212FEED0009B6FC7 /* NumberCollectionViewCell.m in Sources */ = {isa = PBXBuildFile; fileRef = F46703B3212FEED0009B6FC7 /* NumberCollectionViewCell.m */; };
		F46703B8212FEF9B009B6FC7 /* HLHorizontalPageLayout.m in Sources */ = {isa = PBXBuildFile; fileRef = F46703B7212FEF9B009B6FC7 /* HLHorizontalPageLayout.m */; };
/* End PBXBuildFile section */

/* Begin PBXFileReference section */
		F4670397212FEEA1009B6FC7 /* HLHorizontalPageLayoutDemo.app */ = {isa = PBXFileReference; explicitFileType = wrapper.application; includeInIndex = 0; path = HLHorizontalPageLayoutDemo.app; sourceTree = BUILT_PRODUCTS_DIR; };
		F467039A212FEEA1009B6FC7 /* AppDelegate.h */ = {isa = PBXFileReference; lastKnownFileType = sourcecode.c.h; path = AppDelegate.h; sourceTree = "<group>"; };
		F467039B212FEEA1009B6FC7 /* AppDelegate.m */ = {isa = PBXFileReference; lastKnownFileType = sourcecode.c.objc; path = AppDelegate.m; sourceTree = "<group>"; };
		F467039D212FEEA1009B6FC7 /* ViewController.h */ = {isa = PBXFileReference; lastKnownFileType = sourcecode.c.h; path = ViewController.h; sourceTree = "<group>"; };
		F467039E212FEEA1009B6FC7 /* ViewController.m */ = {isa = PBXFileReference; lastKnownFileType = sourcecode.c.objc; path = ViewController.m; sourceTree = "<group>"; };
		F46703A1212FEEA1009B6FC7 /* Base */ = {isa = PBXFileReference; lastKnownFileType = file.storyboard; name = Base; path = Base.lproj/Main.storyboard; sourceTree = "<group>"; };
		F46703A3212FEEA4009B6FC7 /* Assets.xcassets */ = {isa = PBXFileReference; lastKnownFileType = folder.assetcatalog; path = Assets.xcassets; sourceTree = "<group>"; };
		F46703A6212FEEA4009B6FC7 /* Base */ = {isa = PBXFileReference; lastKnownFileType = file.storyboard; name = Base; path = Base.lproj/LaunchScreen.storyboard; sourceTree = "<group>"; };
		F46703A8212FEEA4009B6FC7 /* Info.plist */ = {isa = PBXFileReference; lastKnownFileType = text.plist.xml; path = Info.plist; sourceTree = "<group>"; };
		F46703A9212FEEA4009B6FC7 /* main.m */ = {isa = PBXFileReference; lastKnownFileType = sourcecode.c.objc; path = main.m; sourceTree = "<group>"; };
		F46703B1212FEED0009B6FC7 /* NumberCollectionViewCell.xib */ = {isa = PBXFileReference; fileEncoding = 4; lastKnownFileType = file.xib; path = NumberCollectionViewCell.xib; sourceTree = "<group>"; };
		F46703B2212FEED0009B6FC7 /* NumberCollectionViewCell.h */ = {isa = PBXFileReference; fileEncoding = 4; lastKnownFileType = sourcecode.c.h; path = NumberCollectionViewCell.h; sourceTree = "<group>"; };
		F46703B3212FEED0009B6FC7 /* NumberCollectionViewCell.m */ = {isa = PBXFileReference; fileEncoding = 4; lastKnownFileType = sourcecode.c.objc; path = NumberCollectionViewCell.m; sourceTree = "<group>"; };
		F46703B6212FEF9B009B6FC7 /* HLHorizontalPageLayout.h */ = {isa = PBXFileReference; lastKnownFileType = sourcecode.c.h; path = HLHorizontalPageLayout.h; sourceTree = "<group>"; };
		F46703B7212FEF9B009B6FC7 /* HLHorizontalPageLayout.m */ = {isa = PBXFileReference; lastKnownFileType = sourcecode.c.objc; path = HLHorizontalPageLayout.m; sourceTree = "<group>"; };
/* End PBXFileReference section */

/* Begin PBXFrameworksBuildPhase section */
		F4670394212FEEA1009B6FC7 /* Frameworks */ = {
			isa = PBXFrameworksBuildPhase;
			buildActionMask = 2147483647;
			files = (
			);
			runOnlyForDeploymentPostprocessing = 0;
		};
/* End PBXFrameworksBuildPhase section */

/* Begin PBXGroup section */
		F467038E212FEEA1009B6FC7 = {
			isa = PBXGroup;
			children = (
				F4670399212FEEA1009B6FC7 /* HLHorizontalPageLayoutDemo */,
				F4670398212FEEA1009B6FC7 /* Products */,
			);
			sourceTree = "<group>";
		};
		F4670398212FEEA1009B6FC7 /* Products */ = {
			isa = PBXGroup;
			children = (
				F4670397212FEEA1009B6FC7 /* HLHorizontalPageLayoutDemo.app */,
			);
			name = Products;
			sourceTree = "<group>";
		};
		F4670399212FEEA1009B6FC7 /* HLHorizontalPageLayoutDemo */ = {
			isa = PBXGroup;
			children = (
				F46703B0212FEEBF009B6FC7 /* HLHorizontalPageLayout */,
				F467039A212FEEA1009B6FC7 /* AppDelegate.h */,
				F467039B212FEEA1009B6FC7 /* AppDelegate.m */,
				F467039D212FEEA1009B6FC7 /* ViewController.h */,
				F467039E212FEEA1009B6FC7 /* ViewController.m */,
				F46703A0212FEEA1009B6FC7 /* Main.storyboard */,
				F46703B2212FEED0009B6FC7 /* NumberCollectionViewCell.h */,
				F46703B3212FEED0009B6FC7 /* NumberCollectionViewCell.m */,
				F46703B1212FEED0009B6FC7 /* NumberCollectionViewCell.xib */,
				F46703A3212FEEA4009B6FC7 /* Assets.xcassets */,
				F46703A5212FEEA4009B6FC7 /* LaunchScreen.storyboard */,
				F46703A8212FEEA4009B6FC7 /* Info.plist */,
				F46703A9212FEEA4009B6FC7 /* main.m */,
			);
			path = HLHorizontalPageLayoutDemo;
			sourceTree = "<group>";
		};
		F46703B0212FEEBF009B6FC7 /* HLHorizontalPageLayout */ = {
			isa = PBXGroup;
			children = (
				F46703B6212FEF9B009B6FC7 /* HLHorizontalPageLayout.h */,
				F46703B7212FEF9B009B6FC7 /* HLHorizontalPageLayout.m */,
			);
			path = HLHorizontalPageLayout;
			sourceTree = "<group>";
		};
/* End PBXGroup section */

/* Begin PBXNativeTarget section */
		F4670396212FEEA1009B6FC7 /* HLHorizontalPageLayoutDemo */ = {
			isa = PBXNativeTarget;
			buildConfigurationList = F46703AD212FEEA4009B6FC7 /* Build configuration list for PBXNativeTarget "HLHorizontalPageLayoutDemo" */;
			buildPhases = (
				F4670393212FEEA1009B6FC7 /* Sources */,
				F4670394212FEEA1009B6FC7 /* Frameworks */,
				F4670395212FEEA1009B6FC7 /* Resources */,
			);
			buildRules = (
			);
			dependencies = (
			);
			name = HLHorizontalPageLayoutDemo;
			productName = HLHorizontalPageLayoutDemo;
			productReference = F4670397212FEEA1009B6FC7 /* HLHorizontalPageLayoutDemo.app */;
			productType = "com.apple.product-type.application";
		};
/* End PBXNativeTarget section */

/* Begin PBXProject section */
		F467038F212FEEA1009B6FC7 /* Project object */ = {
			isa = PBXProject;
			attributes = {
				LastUpgradeCheck = 0930;
				ORGANIZATIONNAME = dhl613;
				TargetAttributes = {
					F4670396212FEEA1009B6FC7 = {
						CreatedOnToolsVersion = 9.3;
					};
				};
			};
			buildConfigurationList = F4670392212FEEA1009B6FC7 /* Build configuration list for PBXProject "HLHorizontalPageLayoutDemo" */;
			compatibilityVersion = "Xcode 9.3";
			developmentRegion = en;
			hasScannedForEncodings = 0;
			knownRegions = (
				en,
				Base,
			);
			mainGroup = F467038E212FEEA1009B6FC7;
			productRefGroup = F4670398212FEEA1009B6FC7 /* Products */;
			projectDirPath = "";
			projectRoot = "";
			targets = (
				F4670396212FEEA1009B6FC7 /* HLHorizontalPageLayoutDemo */,
			);
		};
/* End PBXProject section */

/* Begin PBXResourcesBuildPhase section */
		F4670395212FEEA1009B6FC7 /* Resources */ = {
			isa = PBXResourcesBuildPhase;
			buildActionMask = 2147483647;
			files = (
				F46703A7212FEEA4009B6FC7 /* LaunchScreen.storyboard in Resources */,
				F46703B4212FEED0009B6FC7 /* NumberCollectionViewCell.xib in Resources */,
				F46703A4212FEEA4009B6FC7 /* Assets.xcassets in Resources */,
				F46703A2212FEEA1009B6FC7 /* Main.storyboard in Resources */,
			);
			runOnlyForDeploymentPostprocessing = 0;
		};
/* End PBXResourcesBuildPhase section */

/* Begin PBXSourcesBuildPhase section */
		F4670393212FEEA1009B6FC7 /* Sources */ = {
			isa = PBXSourcesBuildPhase;
			buildActionMask = 2147483647;
			files = (
				F467039F212FEEA1009B6FC7 /* ViewController.m in Sources */,
				F46703B5212FEED0009B6FC7 /* NumberCollectionViewCell.m in Sources */,
				F46703AA212FEEA4009B6FC7 /* main.m in Sources */,
				F467039C212FEEA1009B6FC7 /* AppDelegate.m in Sources */,
				F46703B8212FEF9B009B6FC7 /* HLHorizontalPageLayout.m in Sources */,
			);
			runOnlyForDeploymentPostprocessing = 0;
		};
/* End PBXSourcesBuildPhase section */

/* Begin PBXVariantGroup section */
		F46703A0212FEEA1009B6FC7 /* Main.storyboard */ = {
			isa = PBXVariantGroup;
			children = (
				F46703A1212FEEA1009B6FC7 /* Base */,
			);
			name = Main.storyboard;
			sourceTree = "<group>";
		};
		F46703A5212FEEA4009B6FC7 /* LaunchScreen.storyboard */ = {
			isa = PBXVariantGroup;
			children = (
				F46703A6212FEEA4009B6FC7 /* Base */,
			);
			name = LaunchScreen.storyboard;
			sourceTree = "<group>";
		};
/* End PBXVariantGroup section */

/* Begin XCBuildConfiguration section */
		F46703AB212FEEA4009B6FC7 /* Debug */ = {
			isa = XCBuildConfiguration;
			buildSettings = {
				ALWAYS_SEARCH_USER_PATHS = NO;
				CLANG_ANALYZER_NONNULL = YES;
				CLANG_ANALYZER_NUMBER_OBJECT_CONVERSION = YES_AGGRESSIVE;
				CLANG_CXX_LANGUAGE_STANDARD = "gnu++14";
				CLANG_CXX_LIBRARY = "libc++";
				CLANG_ENABLE_MODULES = YES;
				CLANG_ENABLE_OBJC_ARC = YES;
				CLANG_ENABLE_OBJC_WEAK = YES;
				CLANG_WARN_BLOCK_CAPTURE_AUTORELEASING = YES;
				CLANG_WARN_BOOL_CONVERSION = YES;
				CLANG_WARN_COMMA = YES;
				CLANG_WARN_CONSTANT_CONVERSION = YES;
				CLANG_WARN_DEPRECATED_OBJC_IMPLEMENTATIONS = YES;
				CLANG_WARN_DIRECT_OBJC_ISA_USAGE = YES_ERROR;
				CLANG_WARN_DOCUMENTATION_COMMENTS = YES;
				CLANG_WARN_EMPTY_BODY = YES;
				CLANG_WARN_ENUM_CONVERSION = YES;
				CLANG_WARN_INFINITE_RECURSION = YES;
				CLANG_WARN_INT_CONVERSION = YES;
				CLANG_WARN_NON_LITERAL_NULL_CONVERSION = YES;
				CLANG_WARN_OBJC_IMPLICIT_RETAIN_SELF = YES;
				CLANG_WARN_OBJC_LITERAL_CONVERSION = YES;
				CLANG_WARN_OBJC_ROOT_CLASS = YES_ERROR;
				CLANG_WARN_RANGE_LOOP_ANALYSIS = YES;
				CLANG_WARN_STRICT_PROTOTYPES = YES;
				CLANG_WARN_SUSPICIOUS_MOVE = YES;
				CLANG_WARN_UNGUARDED_AVAILABILITY = YES_AGGRESSIVE;
				CLANG_WARN_UNREACHABLE_CODE = YES;
				CLANG_WARN__DUPLICATE_METHOD_MATCH = YES;
				CODE_SIGN_IDENTITY = "iPhone Developer";
				COPY_PHASE_STRIP = NO;
				DEBUG_INFORMATION_FORMAT = dwarf;
				ENABLE_STRICT_OBJC_MSGSEND = YES;
				ENABLE_TESTABILITY = YES;
				GCC_C_LANGUAGE_STANDARD = gnu11;
				GCC_DYNAMIC_NO_PIC = NO;
				GCC_NO_COMMON_BLOCKS = YES;
				GCC_OPTIMIZATION_LEVEL = 0;
				GCC_PREPROCESSOR_DEFINITIONS = (
					"DEBUG=1",
					"$(inherited)",
				);
				GCC_WARN_64_TO_32_BIT_CONVERSION = YES;
				GCC_WARN_ABOUT_RETURN_TYPE = YES_ERROR;
				GCC_WARN_UNDECLARED_SELECTOR = YES;
				GCC_WARN_UNINITIALIZED_AUTOS = YES_AGGRESSIVE;
				GCC_WARN_UNUSED_FUNCTION = YES;
				GCC_WARN_UNUSED_VARIABLE = YES;
				IPHONEOS_DEPLOYMENT_TARGET = 11.3;
				MTL_ENABLE_DEBUG_INFO = YES;
				ONLY_ACTIVE_ARCH = YES;
				SDKROOT = iphoneos;
			};
			name = Debug;
		};
		F46703AC212FEEA4009B6FC7 /* Release */ = {
			isa = XCBuildConfiguration;
			buildSettings = {
				ALWAYS_SEARCH_USER_PATHS = NO;
				CLANG_ANALYZER_NONNULL = YES;
				CLANG_ANALYZER_NUMBER_OBJECT_CONVERSION = YES_AGGRESSIVE;
				CLANG_CXX_LANGUAGE_STANDARD = "gnu++14";
				CLANG_CXX_LIBRARY = "libc++";
				CLANG_ENABLE_MODULES = YES;
				CLANG_ENABLE_OBJC_ARC = YES;
				CLANG_ENABLE_OBJC_WEAK = YES;
				CLANG_WARN_BLOCK_CAPTURE_AUTORELEASING = YES;
				CLANG_WARN_BOOL_CONVERSION = YES;
				CLANG_WARN_COMMA = YES;
				CLANG_WARN_CONSTANT_CONVERSION = YES;
				CLANG_WARN_DEPRECATED_OBJC_IMPLEMENTATIONS = YES;
				CLANG_WARN_DIRECT_OBJC_ISA_USAGE = YES_ERROR;
				CLANG_WARN_DOCUMENTATION_COMMENTS = YES;
				CLANG_WARN_EMPTY_BODY = YES;
				CLANG_WARN_ENUM_CONVERSION = YES;
				CLANG_WARN_INFINITE_RECURSION = YES;
				CLANG_WARN_INT_CONVERSION = YES;
				CLANG_WARN_NON_LITERAL_NULL_CONVERSION = YES;
				CLANG_WARN_OBJC_IMPLICIT_RETAIN_SELF = YES;
				CLANG_WARN_OBJC_LITERAL_CONVERSION = YES;
				CLANG_WARN_OBJC_ROOT_CLASS = YES_ERROR;
				CLANG_WARN_RANGE_LOOP_ANALYSIS = YES;
				CLANG_WARN_STRICT_PROTOTYPES = YES;
				CLANG_WARN_SUSPICIOUS_MOVE = YES;
				CLANG_WARN_UNGUARDED_AVAILABILITY = YES_AGGRESSIVE;
				CLANG_WARN_UNREACHABLE_CODE = YES;
				CLANG_WARN__DUPLICATE_METHOD_MATCH = YES;
				CODE_SIGN_IDENTITY = "iPhone Developer";
				COPY_PHASE_STRIP = NO;
				DEBUG_INFORMATION_FORMAT = "dwarf-with-dsym";
				ENABLE_NS_ASSERTIONS = NO;
				ENABLE_STRICT_OBJC_MSGSEND = YES;
				GCC_C_LANGUAGE_STANDARD = gnu11;
				GCC_NO_COMMON_BLOCKS = YES;
				GCC_WARN_64_TO_32_BIT_CONVERSION = YES;
				GCC_WARN_ABOUT_RETURN_TYPE = YES_ERROR;
				GCC_WARN_UNDECLARED_SELECTOR = YES;
				GCC_WARN_UNINITIALIZED_AUTOS = YES_AGGRESSIVE;
				GCC_WARN_UNUSED_FUNCTION = YES;
				GCC_WARN_UNUSED_VARIABLE = YES;
				IPHONEOS_DEPLOYMENT_TARGET = 11.3;
				MTL_ENABLE_DEBUG_INFO = NO;
				SDKROOT = iphoneos;
				VALIDATE_PRODUCT = YES;
			};
			name = Release;
		};
		F46703AE212FEEA4009B6FC7 /* Debug */ = {
			isa = XCBuildConfiguration;
			buildSettings = {
				ASSETCATALOG_COMPILER_APPICON_NAME = AppIcon;
				CODE_SIGN_STYLE = Automatic;
				INFOPLIST_FILE = HLHorizontalPageLayoutDemo/Info.plist;
				LD_RUNPATH_SEARCH_PATHS = (
					"$(inherited)",
					"@executable_path/Frameworks",
				);
				PRODUCT_BUNDLE_IDENTIFIER = com.apple.HLHorizontalPageLayoutDemo;
				PRODUCT_NAME = "$(TARGET_NAME)";
				TARGETED_DEVICE_FAMILY = "1,2";
			};
			name = Debug;
		};
		F46703AF212FEEA4009B6FC7 /* Release */ = {
			isa = XCBuildConfiguration;
			buildSettings = {
				ASSETCATALOG_COMPILER_APPICON_NAME = AppIcon;
				CODE_SIGN_STYLE = Automatic;
				INFOPLIST_FILE = HLHorizontalPageLayoutDemo/Info.plist;
				LD_RUNPATH_SEARCH_PATHS = (
					"$(inherited)",
					"@executable_path/Frameworks",
				);
				PRODUCT_BUNDLE_IDENTIFIER = com.apple.HLHorizontalPageLayoutDemo;
				PRODUCT_NAME = "$(TARGET_NAME)";
				TARGETED_DEVICE_FAMILY = "1,2";
			};
			name = Release;
		};
/* End XCBuildConfiguration section */

/* Begin XCConfigurationList section */
		F4670392212FEEA1009B6FC7 /* Build configuration list for PBXProject "HLHorizontalPageLayoutDemo" */ = {
			isa = XCConfigurationList;
			buildConfigurations = (
				F46703AB212FEEA4009B6FC7 /* Debug */,
				F46703AC212FEEA4009B6FC7 /* Release */,
			);
			defaultConfigurationIsVisible = 0;
			defaultConfigurationName = Release;
		};
		F46703AD212FEEA4009B6FC7 /* Build configuration list for PBXNativeTarget "HLHorizontalPageLayoutDemo" */ = {
			isa = XCConfigurationList;
			buildConfigurations = (
				F46703AE212FEEA4009B6FC7 /* Debug */,
				F46703AF212FEEA4009B6FC7 /* Release */,
			);
			defaultConfigurationIsVisible = 0;
			defaultConfigurationName = Release;
		};
/* End XCConfigurationList section */
	};
	rootObject = F467038F212FEEA1009B6FC7 /* Project object */;
}
